
Microsoft Visual Studio Solution File, Format Version 12.00
# Visual Studio Version 17
VisualStudioVersion = 17.3.32825.248
MinimumVisualStudioVersion = 10.0.40219.1
Project("{FAE04EC0-301F-11D3-BF4B-00C04F79EFBC}") = "lb1", "lb1\lb1.csproj", "{F6C54470-1DF2-4F3F-B51D-B2EF32398B02}"
EndProject
Global
	GlobalSection(SolutionConfigurationPlatforms) = preSolution
		Debug|Any CPU = Debug|Any CPU
		Release|Any CPU = Release|Any CPU
	EndGlobalSection
	GlobalSection(ProjectConfigurationPlatforms) = postSolution
		{F6C54470-1DF2-4F3F-B51D-B2EF32398B02}.Debug|Any CPU.ActiveCfg = Debug|Any CPU
		{F6C54470-1DF2-4F3F-B51D-B2EF32398B02}.Debug|Any CPU.Build.0 = Debug|Any CPU
		{F6C54470-1DF2-4F3F-B51D-B2EF32398B02}.Release|Any CPU.ActiveCfg = Release|Any CPU
		{F6C54470-1DF2-4F3F-B51D-B2EF32398B02}.Release|Any CPU.Build.0 = Release|Any CPU
	EndGlobalSection
	GlobalSection(SolutionProperties) = preSolution
		HideSolutionNode = FALSE
	EndGlobalSection
	GlobalSection(ExtensibilityGlobals) = postSolution
		SolutionGuid = {44F0959E-1C94-434A-B043-549AC009A9F3}
	EndGlobalSection
EndGlobal
